
Microsoft Visual Studio Solution File, Format Version 12.00
# Visual Studio Version 16
VisualStudioVersion = 16.0.30711.63
MinimumVisualStudioVersion = 10.0.40219.1
Project("{9A19103F-16F7-4668-BE54-9A1E7A4F7556}") = "dtacms", "dtacms.csproj", "{DA1DBE84-FCF9-4778-B546-5F8F75573711}"
EndProject
Global
	GlobalSection(SolutionConfigurationPlatforms) = preSolution
		Debug|Any CPU = Debug|Any CPU
		Release|Any CPU = Release|Any CPU
	EndGlobalSection
	GlobalSection(ProjectConfigurationPlatforms) = postSolution
		{DA1DBE84-FCF9-4778-B546-5F8F75573711}.Debug|Any CPU.ActiveCfg = Debug|Any CPU
		{DA1DBE84-FCF9-4778-B546-5F8F75573711}.Debug|Any CPU.Build.0 = Debug|Any CPU
		{DA1DBE84-FCF9-4778-B546-5F8F75573711}.Release|Any CPU.ActiveCfg = Release|Any CPU
		{DA1DBE84-FCF9-4778-B546-5F8F75573711}.Release|Any CPU.Build.0 = Release|Any CPU
	EndGlobalSection
	GlobalSection(SolutionProperties) = preSolution
		HideSolutionNode = FALSE
	EndGlobalSection
	GlobalSection(ExtensibilityGlobals) = postSolution
		SolutionGuid = {7F261916-BEEA-4E05-AB49-AEBFD37C5014}
	EndGlobalSection
EndGlobal
